
Microsoft Visual Studio Solution File, Format Version 12.00
# Visual Studio Version 17
VisualStudioVersion = 17.0.31903.59
MinimumVisualStudioVersion = 10.0.40219.1
Project("{FAE04EC0-301F-11D3-BF4B-00C04F79EFBC}") = "Travella.API", "Travella.API\Travella.API.csproj", "{98F960BC-143F-4614-8D56-7B7BF4664212}"
EndProject
Project("{FAE04EC0-301F-11D3-BF4B-00C04F79EFBC}") = "Travella.Domain", "Travella.Domain\Travella.Domain.csproj", "{7F10F4B8-634F-45B7-878A-B992BCC7A8BE}"
EndProject
Project("{FAE04EC0-301F-11D3-BF4B-00C04F79EFBC}") = "Travella.Application", "Travella.Application\Travella.Application.csproj", "{E4868A6A-743C-4391-AC64-7C537A5B8FBC}"
EndProject
Project("{FAE04EC0-301F-11D3-BF4B-00C04F79EFBC}") = "Travella.Infrastructure", "Travella.Infrastructure\Travella.Infrastructure.csproj", "{FF19F8D3-30D0-440F-9F74-2F851E2D7774}"
EndProject
Global
	GlobalSection(SolutionConfigurationPlatforms) = preSolution
		Debug|Any CPU = Debug|Any CPU
		Debug|x64 = Debug|x64
		Debug|x86 = Debug|x86
		Release|Any CPU = Release|Any CPU
		Release|x64 = Release|x64
		Release|x86 = Release|x86
	EndGlobalSection
	GlobalSection(ProjectConfigurationPlatforms) = postSolution
		{98F960BC-143F-4614-8D56-7B7BF4664212}.Debug|Any CPU.ActiveCfg = Debug|Any CPU
		{98F960BC-143F-4614-8D56-7B7BF4664212}.Debug|Any CPU.Build.0 = Debug|Any CPU
		{98F960BC-143F-4614-8D56-7B7BF4664212}.Debug|x64.ActiveCfg = Debug|Any CPU
		{98F960BC-143F-4614-8D56-7B7BF4664212}.Debug|x64.Build.0 = Debug|Any CPU
		{98F960BC-143F-4614-8D56-7B7BF4664212}.Debug|x86.ActiveCfg = Debug|Any CPU
		{98F960BC-143F-4614-8D56-7B7BF4664212}.Debug|x86.Build.0 = Debug|Any CPU
		{98F960BC-143F-4614-8D56-7B7BF4664212}.Release|Any CPU.ActiveCfg = Release|Any CPU
		{98F960BC-143F-4614-8D56-7B7BF4664212}.Release|Any CPU.Build.0 = Release|Any CPU
		{98F960BC-143F-4614-8D56-7B7BF4664212}.Release|x64.ActiveCfg = Release|Any CPU
		{98F960BC-143F-4614-8D56-7B7BF4664212}.Release|x64.Build.0 = Release|Any CPU
		{98F960BC-143F-4614-8D56-7B7BF4664212}.Release|x86.ActiveCfg = Release|Any CPU
		{98F960BC-143F-4614-8D56-7B7BF4664212}.Release|x86.Build.0 = Release|Any CPU
		{7F10F4B8-634F-45B7-878A-B992BCC7A8BE}.Debug|Any CPU.ActiveCfg = Debug|Any CPU
		{7F10F4B8-634F-45B7-878A-B992BCC7A8BE}.Debug|Any CPU.Build.0 = Debug|Any CPU
		{7F10F4B8-634F-45B7-878A-B992BCC7A8BE}.Debug|x64.ActiveCfg = Debug|Any CPU
		{7F10F4B8-634F-45B7-878A-B992BCC7A8BE}.Debug|x64.Build.0 = Debug|Any CPU
		{7F10F4B8-634F-45B7-878A-B992BCC7A8BE}.Debug|x86.ActiveCfg = Debug|Any CPU
		{7F10F4B8-634F-45B7-878A-B992BCC7A8BE}.Debug|x86.Build.0 = Debug|Any CPU
		{7F10F4B8-634F-45B7-878A-B992BCC7A8BE}.Release|Any CPU.ActiveCfg = Release|Any CPU
		{7F10F4B8-634F-45B7-878A-B992BCC7A8BE}.Release|Any CPU.Build.0 = Release|Any CPU
		{7F10F4B8-634F-45B7-878A-B992BCC7A8BE}.Release|x64.ActiveCfg = Release|Any CPU
		{7F10F4B8-634F-45B7-878A-B992BCC7A8BE}.Release|x64.Build.0 = Release|Any CPU
		{7F10F4B8-634F-45B7-878A-B992BCC7A8BE}.Release|x86.ActiveCfg = Release|Any CPU
		{7F10F4B8-634F-45B7-878A-B992BCC7A8BE}.Release|x86.Build.0 = Release|Any CPU
		{E4868A6A-743C-4391-AC64-7C537A5B8FBC}.Debug|Any CPU.ActiveCfg = Debug|Any CPU
		{E4868A6A-743C-4391-AC64-7C537A5B8FBC}.Debug|Any CPU.Build.0 = Debug|Any CPU
		{E4868A6A-743C-4391-AC64-7C537A5B8FBC}.Debug|x64.ActiveCfg = Debug|Any CPU
		{E4868A6A-743C-4391-AC64-7C537A5B8FBC}.Debug|x64.Build.0 = Debug|Any CPU
		{E4868A6A-743C-4391-AC64-7C537A5B8FBC}.Debug|x86.ActiveCfg = Debug|Any CPU
		{E4868A6A-743C-4391-AC64-7C537A5B8FBC}.Debug|x86.Build.0 = Debug|Any CPU
		{E4868A6A-743C-4391-AC64-7C537A5B8FBC}.Release|Any CPU.ActiveCfg = Release|Any CPU
		{E4868A6A-743C-4391-AC64-7C537A5B8FBC}.Release|Any CPU.Build.0 = Release|Any CPU
		{E4868A6A-743C-4391-AC64-7C537A5B8FBC}.Release|x64.ActiveCfg = Release|Any CPU
		{E4868A6A-743C-4391-AC64-7C537A5B8FBC}.Release|x64.Build.0 = Release|Any CPU
		{E4868A6A-743C-4391-AC64-7C537A5B8FBC}.Release|x86.ActiveCfg = Release|Any CPU
		{E4868A6A-743C-4391-AC64-7C537A5B8FBC}.Release|x86.Build.0 = Release|Any CPU
		{FF19F8D3-30D0-440F-9F74-2F851E2D7774}.Debug|Any CPU.ActiveCfg = Debug|Any CPU
		{FF19F8D3-30D0-440F-9F74-2F851E2D7774}.Debug|Any CPU.Build.0 = Debug|Any CPU
		{FF19F8D3-30D0-440F-9F74-2F851E2D7774}.Debug|x64.ActiveCfg = Debug|Any CPU
		{FF19F8D3-30D0-440F-9F74-2F851E2D7774}.Debug|x64.Build.0 = Debug|Any CPU
		{FF19F8D3-30D0-440F-9F74-2F851E2D7774}.Debug|x86.ActiveCfg = Debug|Any CPU
		{FF19F8D3-30D0-440F-9F74-2F851E2D7774}.Debug|x86.Build.0 = Debug|Any CPU
		{FF19F8D3-30D0-440F-9F74-2F851E2D7774}.Release|Any CPU.ActiveCfg = Release|Any CPU
		{FF19F8D3-30D0-440F-9F74-2F851E2D7774}.Release|Any CPU.Build.0 = Release|Any CPU
		{FF19F8D3-30D0-440F-9F74-2F851E2D7774}.Release|x64.ActiveCfg = Release|Any CPU
		{FF19F8D3-30D0-440F-9F74-2F851E2D7774}.Release|x64.Build.0 = Release|Any CPU
		{FF19F8D3-30D0-440F-9F74-2F851E2D7774}.Release|x86.ActiveCfg = Release|Any CPU
		{FF19F8D3-30D0-440F-9F74-2F851E2D7774}.Release|x86.Build.0 = Release|Any CPU
	EndGlobalSection
	GlobalSection(SolutionProperties) = preSolution
		HideSolutionNode = FALSE
	EndGlobalSection
EndGlobal
